
Microsoft Visual Studio Solution File, Format Version 12.00
# Visual Studio Version 17
VisualStudioVersion = 17.7.34221.43
MinimumVisualStudioVersion = 10.0.40219.1
Project("{FAE04EC0-301F-11D3-BF4B-00C04F79EFBC}") = "CrudCliente", "CrudCliente\CrudCliente.csproj", "{7441B100-2A34-459D-92CC-B3A472DC3B82}"
EndProject
Global
	GlobalSection(SolutionConfigurationPlatforms) = preSolution
		Debug|Any CPU = Debug|Any CPU
		Release|Any CPU = Release|Any CPU
	EndGlobalSection
	GlobalSection(ProjectConfigurationPlatforms) = postSolution
		{7441B100-2A34-459D-92CC-B3A472DC3B82}.Debug|Any CPU.ActiveCfg = Debug|Any CPU
		{7441B100-2A34-459D-92CC-B3A472DC3B82}.Debug|Any CPU.Build.0 = Debug|Any CPU
		{7441B100-2A34-459D-92CC-B3A472DC3B82}.Release|Any CPU.ActiveCfg = Release|Any CPU
		{7441B100-2A34-459D-92CC-B3A472DC3B82}.Release|Any CPU.Build.0 = Release|Any CPU
	EndGlobalSection
	GlobalSection(SolutionProperties) = preSolution
		HideSolutionNode = FALSE
	EndGlobalSection
	GlobalSection(ExtensibilityGlobals) = postSolution
		SolutionGuid = {EFA8AC40-64C3-471F-BFD0-65A1BC5ABBCE}
	EndGlobalSection
EndGlobal
